// !$*UTF8*$!
{
	archiveVersion = 1;
	classes = {
	};
	objectVersion = 46;
	objects = {

/* Begin PBXBuildFile section */
		797A06671BE949290057C81B /* AppDelegate.swift in Sources */ = {isa = PBXBuildFile; fileRef = 797A06661BE949290057C81B /* AppDelegate.swift */; };
		797A06691BE949290057C81B /* ViewController.swift in Sources */ = {isa = PBXBuildFile; fileRef = 797A06681BE949290057C81B /* ViewController.swift */; };
		797A066C1BE949290057C81B /* Main.storyboard in Resources */ = {isa = PBXBuildFile; fileRef = 797A066A1BE949290057C81B /* Main.storyboard */; };
		797A066E1BE949290057C81B /* Assets.xcassets in Resources */ = {isa = PBXBuildFile; fileRef = 797A066D1BE949290057C81B /* Assets.xcassets */; };
		797A06711BE949290057C81B /* LaunchScreen.storyboard in Resources */ = {isa = PBXBuildFile; fileRef = 797A066F1BE949290057C81B /* LaunchScreen.storyboard */; };
/* End PBXBuildFile section */

/* Begin PBXFileReference section */
		797A06631BE949290057C81B /* TipsCalculate.app */ = {isa = PBXFileReference; explicitFileType = wrapper.application; includeInIndex = 0; path = TipsCalculate.app; sourceTree = BUILT_PRODUCTS_DIR; };
		797A06661BE949290057C81B /* AppDelegate.swift */ = {isa = PBXFileReference; lastKnownFileType = sourcecode.swift; path = AppDelegate.swift; sourceTree = "<group>"; };
		797A06681BE949290057C81B /* ViewController.swift */ = {isa = PBXFileReference; lastKnownFileType = sourcecode.swift; path = ViewController.swift; sourceTree = "<group>"; };
		797A066B1BE949290057C81B /* Base */ = {isa = PBXFileReference; lastKnownFileType = file.storyboard; name = Base; path = Base.lproj/Main.storyboard; sourceTree = "<group>"; };
		797A066D1BE949290057C81B /* Assets.xcassets */ = {isa = PBXFileReference; lastKnownFileType = folder.assetcatalog; path = Assets.xcassets; sourceTree = "<group>"; };
		797A06701BE949290057C81B /* Base */ = {isa = PBXFileReference; lastKnownFileType = file.storyboard; name = Base; path = Base.lproj/LaunchScreen.storyboard; sourceTree = "<group>"; };
		797A06721BE949290057C81B /* Info.plist */ = {isa = PBXFileReference; lastKnownFileType = text.plist.xml; path = Info.plist; sourceTree = "<group>"; };
/* End PBXFileReference section */

/* Begin PBXFrameworksBuildPhase section */
		797A06601BE949290057C81B /* Frameworks */ = {
			isa = PBXFrameworksBuildPhase;
			buildActionMask = 2147483647;
			files = (
			);
			runOnlyForDeploymentPostprocessing = 0;
		};
/* End PBXFrameworksBuildPhase section */

/* Begin PBXGroup section */
		797A065A1BE949290057C81B = {
			isa = PBXGroup;
			children = (
				797A06651BE949290057C81B /* TipsCalculate */,
				797A06641BE949290057C81B /* Products */,
			);
			sourceTree = "<group>";
		};
		797A06641BE949290057C81B /* Products */ = {
			isa = PBXGroup;
			children = (
				797A06631BE949290057C81B /* TipsCalculate.app */,
			);
			name = Products;
			sourceTree = "<group>";
		};
		797A06651BE949290057C81B /* TipsCalculate */ = {
			isa = PBXGroup;
			children = (
				797A06661BE949290057C81B /* AppDelegate.swift */,
				797A06681BE949290057C81B /* ViewController.swift */,
				797A066A1BE949290057C81B /* Main.storyboard */,
				797A066D1BE949290057C81B /* Assets.xcassets */,
				797A066F1BE949290057C81B /* LaunchScreen.storyboard */,
				797A06721BE949290057C81B /* Info.plist */,
			);
			path = TipsCalculate;
			sourceTree = "<group>";
		};
/* End PBXGroup section */

/* Begin PBXNativeTarget section */
		797A06621BE949290057C81B /* TipsCalculate */ = {
			isa = PBXNativeTarget;
			buildConfigurationList = 797A06751BE949290057C81B /* Build configuration list for PBXNativeTarget "TipsCalculate" */;
			buildPhases = (
				797A065F1BE949290057C81B /* Sources */,
				797A06601BE949290057C81B /* Frameworks */,
				797A06611BE949290057C81B /* Resources */,
			);
			buildRules = (
			);
			dependencies = (
			);
			name = TipsCalculate;
			productName = TipsCalculate;
			productReference = 797A06631BE949290057C81B /* TipsCalculate.app */;
			productType = "com.apple.product-type.application";
		};
/* End PBXNativeTarget section */

/* Begin PBXProject section */
		797A065B1BE949290057C81B /* Project object */ = {
			isa = PBXProject;
			attributes = {
				LastSwiftUpdateCheck = 0710;
				LastUpgradeCheck = 0710;
				ORGANIZATIONNAME = nghibui;
				TargetAttributes = {
					797A06621BE949290057C81B = {
						CreatedOnToolsVersion = 7.1;
					};
				};
			};
			buildConfigurationList = 797A065E1BE949290057C81B /* Build configuration list for PBXProject "TipsCalculate" */;
			compatibilityVersion = "Xcode 3.2";
			developmentRegion = English;
			hasScannedForEncodings = 0;
			knownRegions = (
				en,
				Base,
			);
			mainGroup = 797A065A1BE949290057C81B;
			productRefGroup = 797A06641BE949290057C81B /* Products */;
			projectDirPath = "";
			projectRoot = "";
			targets = (
				797A06621BE949290057C81B /* TipsCalculate */,
			);
		};
/* End PBXProject section */

/* Begin PBXResourcesBuildPhase section */
		797A06611BE949290057C81B /* Resources */ = {
			isa = PBXResourcesBuildPhase;
			buildActionMask = 2147483647;
			files = (
				797A06711BE949290057C81B /* LaunchScreen.storyboard in Resources */,
				797A066E1BE949290057C81B /* Assets.xcassets in Resources */,
				797A066C1BE949290057C81B /* Main.storyboard in Resources */,
			);
			runOnlyForDeploymentPostprocessing = 0;
		};
/* End PBXResourcesBuildPhase section */

/* Begin PBXSourcesBuildPhase section */
		797A065F1BE949290057C81B /* Sources */ = {
			isa = PBXSourcesBuildPhase;
			buildActionMask = 2147483647;
			files = (
				797A06691BE949290057C81B /* ViewController.swift in Sources */,
				797A06671BE949290057C81B /* AppDelegate.swift in Sources */,
			);
			runOnlyForDeploymentPostprocessing = 0;
		};
/* End PBXSourcesBuildPhase section */

/* Begin PBXVariantGroup section */
		797A066A1BE949290057C81B /* Main.storyboard */ = {
			isa = PBXVariantGroup;
			children = (
				797A066B1BE949290057C81B /* Base */,
			);
			name = Main.storyboard;
			sourceTree = "<group>";
		};
		797A066F1BE949290057C81B /* LaunchScreen.storyboard */ = {
			isa = PBXVariantGroup;
			children = (
				797A06701BE949290057C81B /* Base */,
			);
			name = LaunchScreen.storyboard;
			sourceTree = "<group>";
		};
/* End PBXVariantGroup section */

/* Begin XCBuildConfiguration section */
		797A06731BE949290057C81B /* Debug */ = {
			isa = XCBuildConfiguration;
			buildSettings = {
				ALWAYS_SEARCH_USER_PATHS = NO;
				CLANG_CXX_LANGUAGE_STANDARD = "gnu++0x";
				CLANG_CXX_LIBRARY = "libc++";
				CLANG_ENABLE_MODULES = YES;
				CLANG_ENABLE_OBJC_ARC = YES;
				CLANG_WARN_BOOL_CONVERSION = YES;
				CLANG_WARN_CONSTANT_CONVERSION = YES;
				CLANG_WARN_DIRECT_OBJC_ISA_USAGE = YES_ERROR;
				CLANG_WARN_EMPTY_BODY = YES;
				CLANG_WARN_ENUM_CONVERSION = YES;
				CLANG_WARN_INT_CONVERSION = YES;
				CLANG_WARN_OBJC_ROOT_CLASS = YES_ERROR;
				CLANG_WARN_UNREACHABLE_CODE = YES;
				CLANG_WARN__DUPLICATE_METHOD_MATCH = YES;
				"CODE_SIGN_IDENTITY[sdk=iphoneos*]" = "iPhone Developer";
				COPY_PHASE_STRIP = NO;
				DEBUG_INFORMATION_FORMAT = dwarf;
				ENABLE_STRICT_OBJC_MSGSEND = YES;
				ENABLE_TESTABILITY = YES;
				GCC_C_LANGUAGE_STANDARD = gnu99;
				GCC_DYNAMIC_NO_PIC = NO;
				GCC_NO_COMMON_BLOCKS = YES;
				GCC_OPTIMIZATION_LEVEL = 0;
				GCC_PREPROCESSOR_DEFINITIONS = (
					"DEBUG=1",
					"$(inherited)",
				);
				GCC_WARN_64_TO_32_BIT_CONVERSION = YES;
				GCC_WARN_ABOUT_RETURN_TYPE = YES_ERROR;
				GCC_WARN_UNDECLARED_SELECTOR = YES;
				GCC_WARN_UNINITIALIZED_AUTOS = YES_AGGRESSIVE;
				GCC_WARN_UNUSED_FUNCTION = YES;
				GCC_WARN_UNUSED_VARIABLE = YES;
				IPHONEOS_DEPLOYMENT_TARGET = 9.1;
				MTL_ENABLE_DEBUG_INFO = YES;
				ONLY_ACTIVE_ARCH = YES;
				SDKROOT = iphoneos;
				SWIFT_OPTIMIZATION_LEVEL = "-Onone";
			};
			name = Debug;
		};
		797A06741BE949290057C81B /* Release */ = {
			isa = XCBuildConfiguration;
			buildSettings = {
				ALWAYS_SEARCH_USER_PATHS = NO;
				CLANG_CXX_LANGUAGE_STANDARD = "gnu++0x";
				CLANG_CXX_LIBRARY = "libc++";
				CLANG_ENABLE_MODULES = YES;
				CLANG_ENABLE_OBJC_ARC = YES;
				CLANG_WARN_BOOL_CONVERSION = YES;
				CLANG_WARN_CONSTANT_CONVERSION = YES;
				CLANG_WARN_DIRECT_OBJC_ISA_USAGE = YES_ERROR;
				CLANG_WARN_EMPTY_BODY = YES;
				CLANG_WARN_ENUM_CONVERSION = YES;
				CLANG_WARN_INT_CONVERSION = YES;
				CLANG_WARN_OBJC_ROOT_CLASS = YES_ERROR;
				CLANG_WARN_UNREACHABLE_CODE = YES;
				CLANG_WARN__DUPLICATE_METHOD_MATCH = YES;
				"CODE_SIGN_IDENTITY[sdk=iphoneos*]" = "iPhone Developer";
				COPY_PHASE_STRIP = NO;
				DEBUG_INFORMATION_FORMAT = "dwarf-with-dsym";
				ENABLE_NS_ASSERTIONS = NO;
				ENABLE_STRICT_OBJC_MSGSEND = YES;
				GCC_C_LANGUAGE_STANDARD = gnu99;
				GCC_NO_COMMON_BLOCKS = YES;
				GCC_WARN_64_TO_32_BIT_CONVERSION = YES;
				GCC_WARN_ABOUT_RETURN_TYPE = YES_ERROR;
				GCC_WARN_UNDECLARED_SELECTOR = YES;
				GCC_WARN_UNINITIALIZED_AUTOS = YES_AGGRESSIVE;
				GCC_WARN_UNUSED_FUNCTION = YES;
				GCC_WARN_UNUSED_VARIABLE = YES;
				IPHONEOS_DEPLOYMENT_TARGET = 9.1;
				MTL_ENABLE_DEBUG_INFO = NO;
				SDKROOT = iphoneos;
				VALIDATE_PRODUCT = YES;
			};
			name = Release;
		};
		797A06761BE949290057C81B /* Debug */ = {
			isa = XCBuildConfiguration;
			buildSettings = {
				ASSETCATALOG_COMPILER_APPICON_NAME = AppIcon;
				INFOPLIST_FILE = TipsCalculate/Info.plist;
				LD_RUNPATH_SEARCH_PATHS = "$(inherited) @executable_path/Frameworks";
				PRODUCT_BUNDLE_IDENTIFIER = com.nghibui.TipsCalculate;
				PRODUCT_NAME = "$(TARGET_NAME)";
			};
			name = Debug;
		};
		797A06771BE949290057C81B /* Release */ = {
			isa = XCBuildConfiguration;
			buildSettings = {
				ASSETCATALOG_COMPILER_APPICON_NAME = AppIcon;
				INFOPLIST_FILE = TipsCalculate/Info.plist;
				LD_RUNPATH_SEARCH_PATHS = "$(inherited) @executable_path/Frameworks";
				PRODUCT_BUNDLE_IDENTIFIER = com.nghibui.TipsCalculate;
				PRODUCT_NAME = "$(TARGET_NAME)";
			};
			name = Release;
		};
/* End XCBuildConfiguration section */

/* Begin XCConfigurationList section */
		797A065E1BE949290057C81B /* Build configuration list for PBXProject "TipsCalculate" */ = {
			isa = XCConfigurationList;
			buildConfigurations = (
				797A06731BE949290057C81B /* Debug */,
				797A06741BE949290057C81B /* Release */,
			);
			defaultConfigurationIsVisible = 0;
			defaultConfigurationName = Release;
		};
		797A06751BE949290057C81B /* Build configuration list for PBXNativeTarget "TipsCalculate" */ = {
			isa = XCConfigurationList;
			buildConfigurations = (
				797A06761BE949290057C81B /* Debug */,
				797A06771BE949290057C81B /* Release */,
			);
			defaultConfigurationIsVisible = 0;
			defaultConfigurationName = Release;
		};
/* End XCConfigurationList section */
	};
	rootObject = 797A065B1BE949290057C81B /* Project object */;
}
